
Microsoft Visual Studio Solution File, Format Version 12.00
# Visual Studio Version 17
VisualStudioVersion = 17.1.32228.430
MinimumVisualStudioVersion = 10.0.40219.1
Project("{FAE04EC0-301F-11D3-BF4B-00C04F79EFBC}") = "WorkScheduleWith12hShifts.Android", "WorkScheduleWith12hShifts\WorkScheduleWith12hShifts.Android\WorkScheduleWith12hShifts.Android.csproj", "{D9647765-E16C-40AE-9A7E-06E150A9DCC5}"
EndProject
Project("{FAE04EC0-301F-11D3-BF4B-00C04F79EFBC}") = "WorkScheduleWith12hShifts.iOS", "WorkScheduleWith12hShifts\WorkScheduleWith12hShifts.iOS\WorkScheduleWith12hShifts.iOS.csproj", "{B7D2BAF0-AFB5-4878-85B3-CC184C717B59}"
EndProject
Project("{FAE04EC0-301F-11D3-BF4B-00C04F79EFBC}") = "WorkScheduleWith12hShifts", "WorkScheduleWith12hShifts\WorkScheduleWith12hShifts\WorkScheduleWith12hShifts.csproj", "{E00C0951-FFFC-4B6C-8B55-4DF73F0ECC43}"
EndProject
Global
	GlobalSection(SolutionConfigurationPlatforms) = preSolution
		Debug|Any CPU = Debug|Any CPU
		Debug|iPhone = Debug|iPhone
		Debug|iPhoneSimulator = Debug|iPhoneSimulator
		Release|Any CPU = Release|Any CPU
		Release|iPhone = Release|iPhone
		Release|iPhoneSimulator = Release|iPhoneSimulator
	EndGlobalSection
	GlobalSection(ProjectConfigurationPlatforms) = postSolution
		{D9647765-E16C-40AE-9A7E-06E150A9DCC5}.Debug|Any CPU.ActiveCfg = Debug|Any CPU
		{D9647765-E16C-40AE-9A7E-06E150A9DCC5}.Debug|Any CPU.Build.0 = Debug|Any CPU
		{D9647765-E16C-40AE-9A7E-06E150A9DCC5}.Debug|Any CPU.Deploy.0 = Debug|Any CPU
		{D9647765-E16C-40AE-9A7E-06E150A9DCC5}.Debug|iPhone.ActiveCfg = Debug|Any CPU
		{D9647765-E16C-40AE-9A7E-06E150A9DCC5}.Debug|iPhone.Build.0 = Debug|Any CPU
		{D9647765-E16C-40AE-9A7E-06E150A9DCC5}.Debug|iPhone.Deploy.0 = Debug|Any CPU
		{D9647765-E16C-40AE-9A7E-06E150A9DCC5}.Debug|iPhoneSimulator.ActiveCfg = Debug|Any CPU
		{D9647765-E16C-40AE-9A7E-06E150A9DCC5}.Debug|iPhoneSimulator.Build.0 = Debug|Any CPU
		{D9647765-E16C-40AE-9A7E-06E150A9DCC5}.Debug|iPhoneSimulator.Deploy.0 = Debug|Any CPU
		{D9647765-E16C-40AE-9A7E-06E150A9DCC5}.Release|Any CPU.ActiveCfg = Release|Any CPU
		{D9647765-E16C-40AE-9A7E-06E150A9DCC5}.Release|Any CPU.Build.0 = Release|Any CPU
		{D9647765-E16C-40AE-9A7E-06E150A9DCC5}.Release|Any CPU.Deploy.0 = Release|Any CPU
		{D9647765-E16C-40AE-9A7E-06E150A9DCC5}.Release|iPhone.ActiveCfg = Release|Any CPU
		{D9647765-E16C-40AE-9A7E-06E150A9DCC5}.Release|iPhone.Build.0 = Release|Any CPU
		{D9647765-E16C-40AE-9A7E-06E150A9DCC5}.Release|iPhone.Deploy.0 = Release|Any CPU
		{D9647765-E16C-40AE-9A7E-06E150A9DCC5}.Release|iPhoneSimulator.ActiveCfg = Release|Any CPU
		{D9647765-E16C-40AE-9A7E-06E150A9DCC5}.Release|iPhoneSimulator.Build.0 = Release|Any CPU
		{D9647765-E16C-40AE-9A7E-06E150A9DCC5}.Release|iPhoneSimulator.Deploy.0 = Release|Any CPU
		{B7D2BAF0-AFB5-4878-85B3-CC184C717B59}.Debug|Any CPU.ActiveCfg = Debug|iPhone
		{B7D2BAF0-AFB5-4878-85B3-CC184C717B59}.Debug|Any CPU.Build.0 = Debug|iPhone
		{B7D2BAF0-AFB5-4878-85B3-CC184C717B59}.Debug|Any CPU.Deploy.0 = Debug|iPhone
		{B7D2BAF0-AFB5-4878-85B3-CC184C717B59}.Debug|iPhone.ActiveCfg = Debug|iPhone
		{B7D2BAF0-AFB5-4878-85B3-CC184C717B59}.Debug|iPhone.Build.0 = Debug|iPhone
		{B7D2BAF0-AFB5-4878-85B3-CC184C717B59}.Debug|iPhone.Deploy.0 = Debug|iPhone
		{B7D2BAF0-AFB5-4878-85B3-CC184C717B59}.Debug|iPhoneSimulator.ActiveCfg = Debug|iPhoneSimulator
		{B7D2BAF0-AFB5-4878-85B3-CC184C717B59}.Debug|iPhoneSimulator.Build.0 = Debug|iPhoneSimulator
		{B7D2BAF0-AFB5-4878-85B3-CC184C717B59}.Debug|iPhoneSimulator.Deploy.0 = Debug|iPhoneSimulator
		{B7D2BAF0-AFB5-4878-85B3-CC184C717B59}.Release|Any CPU.ActiveCfg = Release|iPhoneSimulator
		{B7D2BAF0-AFB5-4878-85B3-CC184C717B59}.Release|Any CPU.Build.0 = Release|iPhoneSimulator
		{B7D2BAF0-AFB5-4878-85B3-CC184C717B59}.Release|Any CPU.Deploy.0 = Release|iPhoneSimulator
		{B7D2BAF0-AFB5-4878-85B3-CC184C717B59}.Release|iPhone.ActiveCfg = Release|iPhone
		{B7D2BAF0-AFB5-4878-85B3-CC184C717B59}.Release|iPhone.Build.0 = Release|iPhone
		{B7D2BAF0-AFB5-4878-85B3-CC184C717B59}.Release|iPhone.Deploy.0 = Release|iPhone
		{B7D2BAF0-AFB5-4878-85B3-CC184C717B59}.Release|iPhoneSimulator.ActiveCfg = Release|iPhoneSimulator
		{B7D2BAF0-AFB5-4878-85B3-CC184C717B59}.Release|iPhoneSimulator.Build.0 = Release|iPhoneSimulator
		{B7D2BAF0-AFB5-4878-85B3-CC184C717B59}.Release|iPhoneSimulator.Deploy.0 = Release|iPhoneSimulator
		{E00C0951-FFFC-4B6C-8B55-4DF73F0ECC43}.Debug|Any CPU.ActiveCfg = Debug|Any CPU
		{E00C0951-FFFC-4B6C-8B55-4DF73F0ECC43}.Debug|Any CPU.Build.0 = Debug|Any CPU
		{E00C0951-FFFC-4B6C-8B55-4DF73F0ECC43}.Debug|Any CPU.Deploy.0 = Debug|Any CPU
		{E00C0951-FFFC-4B6C-8B55-4DF73F0ECC43}.Debug|iPhone.ActiveCfg = Debug|Any CPU
		{E00C0951-FFFC-4B6C-8B55-4DF73F0ECC43}.Debug|iPhone.Build.0 = Debug|Any CPU
		{E00C0951-FFFC-4B6C-8B55-4DF73F0ECC43}.Debug|iPhone.Deploy.0 = Debug|Any CPU
		{E00C0951-FFFC-4B6C-8B55-4DF73F0ECC43}.Debug|iPhoneSimulator.ActiveCfg = Debug|Any CPU
		{E00C0951-FFFC-4B6C-8B55-4DF73F0ECC43}.Debug|iPhoneSimulator.Build.0 = Debug|Any CPU
		{E00C0951-FFFC-4B6C-8B55-4DF73F0ECC43}.Debug|iPhoneSimulator.Deploy.0 = Debug|Any CPU
		{E00C0951-FFFC-4B6C-8B55-4DF73F0ECC43}.Release|Any CPU.ActiveCfg = Release|Any CPU
		{E00C0951-FFFC-4B6C-8B55-4DF73F0ECC43}.Release|Any CPU.Build.0 = Release|Any CPU
		{E00C0951-FFFC-4B6C-8B55-4DF73F0ECC43}.Release|Any CPU.Deploy.0 = Release|Any CPU
		{E00C0951-FFFC-4B6C-8B55-4DF73F0ECC43}.Release|iPhone.ActiveCfg = Release|Any CPU
		{E00C0951-FFFC-4B6C-8B55-4DF73F0ECC43}.Release|iPhone.Build.0 = Release|Any CPU
		{E00C0951-FFFC-4B6C-8B55-4DF73F0ECC43}.Release|iPhone.Deploy.0 = Release|Any CPU
		{E00C0951-FFFC-4B6C-8B55-4DF73F0ECC43}.Release|iPhoneSimulator.ActiveCfg = Release|Any CPU
		{E00C0951-FFFC-4B6C-8B55-4DF73F0ECC43}.Release|iPhoneSimulator.Build.0 = Release|Any CPU
		{E00C0951-FFFC-4B6C-8B55-4DF73F0ECC43}.Release|iPhoneSimulator.Deploy.0 = Release|Any CPU
	EndGlobalSection
	GlobalSection(SolutionProperties) = preSolution
		HideSolutionNode = FALSE
	EndGlobalSection
	GlobalSection(ExtensibilityGlobals) = postSolution
		SolutionGuid = {680FD733-C394-4B31-AB75-FC31F2114154}
	EndGlobalSection
EndGlobal
